
Microsoft Visual Studio Solution File, Format Version 12.00
# Visual Studio Version 16
VisualStudioVersion = 16.0.31515.178
MinimumVisualStudioVersion = 10.0.40219.1
Project("{FAE04EC0-301F-11D3-BF4B-00C04F79EFBC}") = "BobcatRecycler", "BobcatRecycler\BobcatRecycler.csproj", "{DFC9D39F-999B-44A9-BA18-18DFDECD1992}"
EndProject
Global
	GlobalSection(SolutionConfigurationPlatforms) = preSolution
		Debug|Any CPU = Debug|Any CPU
		Release|Any CPU = Release|Any CPU
	EndGlobalSection
	GlobalSection(ProjectConfigurationPlatforms) = postSolution
		{DFC9D39F-999B-44A9-BA18-18DFDECD1992}.Debug|Any CPU.ActiveCfg = Debug|Any CPU
		{DFC9D39F-999B-44A9-BA18-18DFDECD1992}.Debug|Any CPU.Build.0 = Debug|Any CPU
		{DFC9D39F-999B-44A9-BA18-18DFDECD1992}.Release|Any CPU.ActiveCfg = Release|Any CPU
		{DFC9D39F-999B-44A9-BA18-18DFDECD1992}.Release|Any CPU.Build.0 = Release|Any CPU
	EndGlobalSection
	GlobalSection(SolutionProperties) = preSolution
		HideSolutionNode = FALSE
	EndGlobalSection
	GlobalSection(ExtensibilityGlobals) = postSolution
		SolutionGuid = {CB5C1171-2920-4705-B867-1DED2293258A}
	EndGlobalSection
EndGlobal
